
Microsoft Visual Studio Solution File, Format Version 12.00
# Visual Studio Version 17
VisualStudioVersion = 17.11.35303.130
MinimumVisualStudioVersion = 10.0.40219.1
Project("{FAE04EC0-301F-11D3-BF4B-00C04F79EFBC}") = "Fuvar", "Fuvar.csproj", "{09808AED-978D-4C8D-B13C-893CB4DB2481}"
EndProject
Global
	GlobalSection(SolutionConfigurationPlatforms) = preSolution
		Debug|Any CPU = Debug|Any CPU
		Release|Any CPU = Release|Any CPU
	EndGlobalSection
	GlobalSection(ProjectConfigurationPlatforms) = postSolution
		{09808AED-978D-4C8D-B13C-893CB4DB2481}.Debug|Any CPU.ActiveCfg = Debug|Any CPU
		{09808AED-978D-4C8D-B13C-893CB4DB2481}.Debug|Any CPU.Build.0 = Debug|Any CPU
		{09808AED-978D-4C8D-B13C-893CB4DB2481}.Release|Any CPU.ActiveCfg = Release|Any CPU
		{09808AED-978D-4C8D-B13C-893CB4DB2481}.Release|Any CPU.Build.0 = Release|Any CPU
	EndGlobalSection
	GlobalSection(SolutionProperties) = preSolution
		HideSolutionNode = FALSE
	EndGlobalSection
	GlobalSection(ExtensibilityGlobals) = postSolution
		SolutionGuid = {6BC11B9A-E01C-4083-9E34-FDD15CE78D29}
	EndGlobalSection
EndGlobal
